// !$*UTF8*$!
{
	archiveVersion = 1;
	classes = {
	};
	objectVersion = 56;
	objects = {

/* Begin PBXBuildFile section */
		BF0E5E7D29C2BC6E004E352D /* SchoolDetailViewController.swift in Sources */ = {isa = PBXBuildFile; fileRef = BF0E5E7C29C2BC6E004E352D /* SchoolDetailViewController.swift */; };
		BF0E5E7F29C2C572004E352D /* SchoolDetailViewModel.swift in Sources */ = {isa = PBXBuildFile; fileRef = BF0E5E7E29C2C572004E352D /* SchoolDetailViewModel.swift */; };
		BF0E5E8129C2E087004E352D /* SATResponseModel.swift in Sources */ = {isa = PBXBuildFile; fileRef = BF0E5E8029C2E087004E352D /* SATResponseModel.swift */; };
		BF0E5EAC29C2EE70004E352D /* ViewModelTests.swift in Sources */ = {isa = PBXBuildFile; fileRef = BF0E5EAB29C2EE70004E352D /* ViewModelTests.swift */; };
		BFA75E4A29C1722700FD8296 /* AppDelegate.swift in Sources */ = {isa = PBXBuildFile; fileRef = BFA75E4929C1722700FD8296 /* AppDelegate.swift */; };
		BFA75E4C29C1722700FD8296 /* SceneDelegate.swift in Sources */ = {isa = PBXBuildFile; fileRef = BFA75E4B29C1722700FD8296 /* SceneDelegate.swift */; };
		BFA75E4E29C1722700FD8296 /* SchoolsListViewController.swift in Sources */ = {isa = PBXBuildFile; fileRef = BFA75E4D29C1722700FD8296 /* SchoolsListViewController.swift */; };
		BFA75E5329C1722A00FD8296 /* Assets.xcassets in Resources */ = {isa = PBXBuildFile; fileRef = BFA75E5229C1722A00FD8296 /* Assets.xcassets */; };
		BFA75E5629C1722A00FD8296 /* LaunchScreen.storyboard in Resources */ = {isa = PBXBuildFile; fileRef = BFA75E5429C1722A00FD8296 /* LaunchScreen.storyboard */; };
		BFA75E6229C1759700FD8296 /* APIService.swift in Sources */ = {isa = PBXBuildFile; fileRef = BFA75E6129C1759700FD8296 /* APIService.swift */; };
		BFA75E6529C177F700FD8296 /* SchoolsListView.swift in Sources */ = {isa = PBXBuildFile; fileRef = BFA75E6429C177F700FD8296 /* SchoolsListView.swift */; };
		BFA75E6729C1790100FD8296 /* SchoolsListViewViewModel.swift in Sources */ = {isa = PBXBuildFile; fileRef = BFA75E6629C1790100FD8296 /* SchoolsListViewViewModel.swift */; };
		BFA75E6A29C17A9300FD8296 /* Constants.swift in Sources */ = {isa = PBXBuildFile; fileRef = BFA75E6929C17A9300FD8296 /* Constants.swift */; };
		BFA75E6C29C17ADA00FD8296 /* SchoolsResponseModel.swift in Sources */ = {isa = PBXBuildFile; fileRef = BFA75E6B29C17ADA00FD8296 /* SchoolsResponseModel.swift */; };
		BFA75E6E29C17FB300FD8296 /* SchoolsListCellViewModel.swift in Sources */ = {isa = PBXBuildFile; fileRef = BFA75E6D29C17FB300FD8296 /* SchoolsListCellViewModel.swift */; };
		BFA75E7029C183F800FD8296 /* UIView+Extensions.swift in Sources */ = {isa = PBXBuildFile; fileRef = BFA75E6F29C183F800FD8296 /* UIView+Extensions.swift */; };
		BFA75E7229C1850E00FD8296 /* SchoolsListTableViewCell.swift in Sources */ = {isa = PBXBuildFile; fileRef = BFA75E7129C1850E00FD8296 /* SchoolsListTableViewCell.swift */; };
/* End PBXBuildFile section */

/* Begin PBXContainerItemProxy section */
		BF0E5EA629C2EE57004E352D /* PBXContainerItemProxy */ = {
			isa = PBXContainerItemProxy;
			containerPortal = BFA75E3E29C1722600FD8296 /* Project object */;
			proxyType = 1;
			remoteGlobalIDString = BFA75E4529C1722600FD8296;
			remoteInfo = "TDM-20230314-NYCSchools";
		};
/* End PBXContainerItemProxy section */

/* Begin PBXFileReference section */
		BF0E5E7C29C2BC6E004E352D /* SchoolDetailViewController.swift */ = {isa = PBXFileReference; lastKnownFileType = sourcecode.swift; path = SchoolDetailViewController.swift; sourceTree = "<group>"; };
		BF0E5E7E29C2C572004E352D /* SchoolDetailViewModel.swift */ = {isa = PBXFileReference; lastKnownFileType = sourcecode.swift; path = SchoolDetailViewModel.swift; sourceTree = "<group>"; };
		BF0E5E8029C2E087004E352D /* SATResponseModel.swift */ = {isa = PBXFileReference; lastKnownFileType = sourcecode.swift; path = SATResponseModel.swift; sourceTree = "<group>"; };
		BF0E5EA229C2EE57004E352D /* TDM-20230314-NYCSchoolsTests.xctest */ = {isa = PBXFileReference; explicitFileType = wrapper.cfbundle; includeInIndex = 0; path = "TDM-20230314-NYCSchoolsTests.xctest"; sourceTree = BUILT_PRODUCTS_DIR; };
		BF0E5EAB29C2EE70004E352D /* ViewModelTests.swift */ = {isa = PBXFileReference; lastKnownFileType = sourcecode.swift; path = ViewModelTests.swift; sourceTree = "<group>"; };
		BFA75E4629C1722600FD8296 /* TDM-20230314-NYCSchools.app */ = {isa = PBXFileReference; explicitFileType = wrapper.application; includeInIndex = 0; path = "TDM-20230314-NYCSchools.app"; sourceTree = BUILT_PRODUCTS_DIR; };
		BFA75E4929C1722700FD8296 /* AppDelegate.swift */ = {isa = PBXFileReference; lastKnownFileType = sourcecode.swift; path = AppDelegate.swift; sourceTree = "<group>"; };
		BFA75E4B29C1722700FD8296 /* SceneDelegate.swift */ = {isa = PBXFileReference; lastKnownFileType = sourcecode.swift; path = SceneDelegate.swift; sourceTree = "<group>"; };
		BFA75E4D29C1722700FD8296 /* SchoolsListViewController.swift */ = {isa = PBXFileReference; lastKnownFileType = sourcecode.swift; path = SchoolsListViewController.swift; sourceTree = "<group>"; };
		BFA75E5229C1722A00FD8296 /* Assets.xcassets */ = {isa = PBXFileReference; lastKnownFileType = folder.assetcatalog; path = Assets.xcassets; sourceTree = "<group>"; };
		BFA75E5529C1722A00FD8296 /* Base */ = {isa = PBXFileReference; lastKnownFileType = file.storyboard; name = Base; path = Base.lproj/LaunchScreen.storyboard; sourceTree = "<group>"; };
		BFA75E5729C1722A00FD8296 /* Info.plist */ = {isa = PBXFileReference; lastKnownFileType = text.plist.xml; path = Info.plist; sourceTree = "<group>"; };
		BFA75E6129C1759700FD8296 /* APIService.swift */ = {isa = PBXFileReference; lastKnownFileType = sourcecode.swift; path = APIService.swift; sourceTree = "<group>"; };
		BFA75E6429C177F700FD8296 /* SchoolsListView.swift */ = {isa = PBXFileReference; lastKnownFileType = sourcecode.swift; path = SchoolsListView.swift; sourceTree = "<group>"; };
		BFA75E6629C1790100FD8296 /* SchoolsListViewViewModel.swift */ = {isa = PBXFileReference; lastKnownFileType = sourcecode.swift; path = SchoolsListViewViewModel.swift; sourceTree = "<group>"; };
		BFA75E6929C17A9300FD8296 /* Constants.swift */ = {isa = PBXFileReference; lastKnownFileType = sourcecode.swift; path = Constants.swift; sourceTree = "<group>"; };
		BFA75E6B29C17ADA00FD8296 /* SchoolsResponseModel.swift */ = {isa = PBXFileReference; lastKnownFileType = sourcecode.swift; path = SchoolsResponseModel.swift; sourceTree = "<group>"; };
		BFA75E6D29C17FB300FD8296 /* SchoolsListCellViewModel.swift */ = {isa = PBXFileReference; lastKnownFileType = sourcecode.swift; path = SchoolsListCellViewModel.swift; sourceTree = "<group>"; };
		BFA75E6F29C183F800FD8296 /* UIView+Extensions.swift */ = {isa = PBXFileReference; lastKnownFileType = sourcecode.swift; path = "UIView+Extensions.swift"; sourceTree = "<group>"; };
		BFA75E7129C1850E00FD8296 /* SchoolsListTableViewCell.swift */ = {isa = PBXFileReference; lastKnownFileType = sourcecode.swift; path = SchoolsListTableViewCell.swift; sourceTree = "<group>"; };
/* End PBXFileReference section */

/* Begin PBXFrameworksBuildPhase section */
		BF0E5E9F29C2EE57004E352D /* Frameworks */ = {
			isa = PBXFrameworksBuildPhase;
			buildActionMask = 2147483647;
			files = (
			);
			runOnlyForDeploymentPostprocessing = 0;
		};
		BFA75E4329C1722600FD8296 /* Frameworks */ = {
			isa = PBXFrameworksBuildPhase;
			buildActionMask = 2147483647;
			files = (
			);
			runOnlyForDeploymentPostprocessing = 0;
		};
/* End PBXFrameworksBuildPhase section */

/* Begin PBXGroup section */
		BF0E5EA329C2EE57004E352D /* TDM-20230314-NYCSchoolsTests */ = {
			isa = PBXGroup;
			children = (
				BF0E5EAB29C2EE70004E352D /* ViewModelTests.swift */,
			);
			path = "TDM-20230314-NYCSchoolsTests";
			sourceTree = "<group>";
		};
		BFA75E3D29C1722600FD8296 = {
			isa = PBXGroup;
			children = (
				BFA75E4829C1722600FD8296 /* TDM-20230314-NYCSchools */,
				BF0E5EA329C2EE57004E352D /* TDM-20230314-NYCSchoolsTests */,
				BFA75E4729C1722600FD8296 /* Products */,
			);
			sourceTree = "<group>";
		};
		BFA75E4729C1722600FD8296 /* Products */ = {
			isa = PBXGroup;
			children = (
				BFA75E4629C1722600FD8296 /* TDM-20230314-NYCSchools.app */,
				BF0E5EA229C2EE57004E352D /* TDM-20230314-NYCSchoolsTests.xctest */,
			);
			name = Products;
			sourceTree = "<group>";
		};
		BFA75E4829C1722600FD8296 /* TDM-20230314-NYCSchools */ = {
			isa = PBXGroup;
			children = (
				BFA75E4929C1722700FD8296 /* AppDelegate.swift */,
				BFA75E4B29C1722700FD8296 /* SceneDelegate.swift */,
				BFA75E6829C17A8900FD8296 /* Utils */,
				BFA75E6329C1778D00FD8296 /* Controllers */,
				BFA75E6029C1758700FD8296 /* Services */,
				BFA75E5F29C1757E00FD8296 /* ViewModels */,
				BFA75E5E29C1757A00FD8296 /* Views */,
				BFA75E5D29C1756E00FD8296 /* Models */,
				BFA75E5229C1722A00FD8296 /* Assets.xcassets */,
				BFA75E5429C1722A00FD8296 /* LaunchScreen.storyboard */,
				BFA75E5729C1722A00FD8296 /* Info.plist */,
			);
			path = "TDM-20230314-NYCSchools";
			sourceTree = "<group>";
		};
		BFA75E5D29C1756E00FD8296 /* Models */ = {
			isa = PBXGroup;
			children = (
				BFA75E6B29C17ADA00FD8296 /* SchoolsResponseModel.swift */,
				BF0E5E8029C2E087004E352D /* SATResponseModel.swift */,
			);
			path = Models;
			sourceTree = "<group>";
		};
		BFA75E5E29C1757A00FD8296 /* Views */ = {
			isa = PBXGroup;
			children = (
				BFA75E6429C177F700FD8296 /* SchoolsListView.swift */,
				BFA75E7129C1850E00FD8296 /* SchoolsListTableViewCell.swift */,
			);
			path = Views;
			sourceTree = "<group>";
		};
		BFA75E5F29C1757E00FD8296 /* ViewModels */ = {
			isa = PBXGroup;
			children = (
				BFA75E6629C1790100FD8296 /* SchoolsListViewViewModel.swift */,
				BFA75E6D29C17FB300FD8296 /* SchoolsListCellViewModel.swift */,
				BF0E5E7E29C2C572004E352D /* SchoolDetailViewModel.swift */,
			);
			path = ViewModels;
			sourceTree = "<group>";
		};
		BFA75E6029C1758700FD8296 /* Services */ = {
			isa = PBXGroup;
			children = (
				BFA75E6129C1759700FD8296 /* APIService.swift */,
			);
			path = Services;
			sourceTree = "<group>";
		};
		BFA75E6329C1778D00FD8296 /* Controllers */ = {
			isa = PBXGroup;
			children = (
				BFA75E4D29C1722700FD8296 /* SchoolsListViewController.swift */,
				BF0E5E7C29C2BC6E004E352D /* SchoolDetailViewController.swift */,
			);
			path = Controllers;
			sourceTree = "<group>";
		};
		BFA75E6829C17A8900FD8296 /* Utils */ = {
			isa = PBXGroup;
			children = (
				BFA75E6929C17A9300FD8296 /* Constants.swift */,
				BFA75E6F29C183F800FD8296 /* UIView+Extensions.swift */,
			);
			path = Utils;
			sourceTree = "<group>";
		};
/* End PBXGroup section */

/* Begin PBXNativeTarget section */
		BF0E5EA129C2EE57004E352D /* TDM-20230314-NYCSchoolsTests */ = {
			isa = PBXNativeTarget;
			buildConfigurationList = BF0E5EA829C2EE57004E352D /* Build configuration list for PBXNativeTarget "TDM-20230314-NYCSchoolsTests" */;
			buildPhases = (
				BF0E5E9E29C2EE57004E352D /* Sources */,
				BF0E5E9F29C2EE57004E352D /* Frameworks */,
				BF0E5EA029C2EE57004E352D /* Resources */,
			);
			buildRules = (
			);
			dependencies = (
				BF0E5EA729C2EE57004E352D /* PBXTargetDependency */,
			);
			name = "TDM-20230314-NYCSchoolsTests";
			productName = "TDM-20230314-NYCSchoolsTests";
			productReference = BF0E5EA229C2EE57004E352D /* TDM-20230314-NYCSchoolsTests.xctest */;
			productType = "com.apple.product-type.bundle.unit-test";
		};
		BFA75E4529C1722600FD8296 /* TDM-20230314-NYCSchools */ = {
			isa = PBXNativeTarget;
			buildConfigurationList = BFA75E5A29C1722A00FD8296 /* Build configuration list for PBXNativeTarget "TDM-20230314-NYCSchools" */;
			buildPhases = (
				BFA75E4229C1722600FD8296 /* Sources */,
				BFA75E4329C1722600FD8296 /* Frameworks */,
				BFA75E4429C1722600FD8296 /* Resources */,
			);
			buildRules = (
			);
			dependencies = (
			);
			name = "TDM-20230314-NYCSchools";
			productName = "20230314-TDM-NYCSchools";
			productReference = BFA75E4629C1722600FD8296 /* TDM-20230314-NYCSchools.app */;
			productType = "com.apple.product-type.application";
		};
/* End PBXNativeTarget section */

/* Begin PBXProject section */
		BFA75E3E29C1722600FD8296 /* Project object */ = {
			isa = PBXProject;
			attributes = {
				BuildIndependentTargetsInParallel = 1;
				LastSwiftUpdateCheck = 1420;
				LastUpgradeCheck = 1420;
				TargetAttributes = {
					BF0E5EA129C2EE57004E352D = {
						CreatedOnToolsVersion = 14.2;
						TestTargetID = BFA75E4529C1722600FD8296;
					};
					BFA75E4529C1722600FD8296 = {
						CreatedOnToolsVersion = 14.2;
					};
				};
			};
			buildConfigurationList = BFA75E4129C1722600FD8296 /* Build configuration list for PBXProject "TDM-20230314-NYCSchools" */;
			compatibilityVersion = "Xcode 14.0";
			developmentRegion = en;
			hasScannedForEncodings = 0;
			knownRegions = (
				en,
				Base,
			);
			mainGroup = BFA75E3D29C1722600FD8296;
			productRefGroup = BFA75E4729C1722600FD8296 /* Products */;
			projectDirPath = "";
			projectRoot = "";
			targets = (
				BFA75E4529C1722600FD8296 /* TDM-20230314-NYCSchools */,
				BF0E5EA129C2EE57004E352D /* TDM-20230314-NYCSchoolsTests */,
			);
		};
/* End PBXProject section */

/* Begin PBXResourcesBuildPhase section */
		BF0E5EA029C2EE57004E352D /* Resources */ = {
			isa = PBXResourcesBuildPhase;
			buildActionMask = 2147483647;
			files = (
			);
			runOnlyForDeploymentPostprocessing = 0;
		};
		BFA75E4429C1722600FD8296 /* Resources */ = {
			isa = PBXResourcesBuildPhase;
			buildActionMask = 2147483647;
			files = (
				BFA75E5629C1722A00FD8296 /* LaunchScreen.storyboard in Resources */,
				BFA75E5329C1722A00FD8296 /* Assets.xcassets in Resources */,
			);
			runOnlyForDeploymentPostprocessing = 0;
		};
/* End PBXResourcesBuildPhase section */

/* Begin PBXSourcesBuildPhase section */
		BF0E5E9E29C2EE57004E352D /* Sources */ = {
			isa = PBXSourcesBuildPhase;
			buildActionMask = 2147483647;
			files = (
				BF0E5EAC29C2EE70004E352D /* ViewModelTests.swift in Sources */,
			);
			runOnlyForDeploymentPostprocessing = 0;
		};
		BFA75E4229C1722600FD8296 /* Sources */ = {
			isa = PBXSourcesBuildPhase;
			buildActionMask = 2147483647;
			files = (
				BFA75E7229C1850E00FD8296 /* SchoolsListTableViewCell.swift in Sources */,
				BF0E5E8129C2E087004E352D /* SATResponseModel.swift in Sources */,
				BFA75E6C29C17ADA00FD8296 /* SchoolsResponseModel.swift in Sources */,
				BFA75E4E29C1722700FD8296 /* SchoolsListViewController.swift in Sources */,
				BFA75E7029C183F800FD8296 /* UIView+Extensions.swift in Sources */,
				BFA75E6529C177F700FD8296 /* SchoolsListView.swift in Sources */,
				BFA75E4A29C1722700FD8296 /* AppDelegate.swift in Sources */,
				BF0E5E7F29C2C572004E352D /* SchoolDetailViewModel.swift in Sources */,
				BF0E5E7D29C2BC6E004E352D /* SchoolDetailViewController.swift in Sources */,
				BFA75E6229C1759700FD8296 /* APIService.swift in Sources */,
				BFA75E6A29C17A9300FD8296 /* Constants.swift in Sources */,
				BFA75E4C29C1722700FD8296 /* SceneDelegate.swift in Sources */,
				BFA75E6729C1790100FD8296 /* SchoolsListViewViewModel.swift in Sources */,
				BFA75E6E29C17FB300FD8296 /* SchoolsListCellViewModel.swift in Sources */,
			);
			runOnlyForDeploymentPostprocessing = 0;
		};
/* End PBXSourcesBuildPhase section */

/* Begin PBXTargetDependency section */
		BF0E5EA729C2EE57004E352D /* PBXTargetDependency */ = {
			isa = PBXTargetDependency;
			target = BFA75E4529C1722600FD8296 /* TDM-20230314-NYCSchools */;
			targetProxy = BF0E5EA629C2EE57004E352D /* PBXContainerItemProxy */;
		};
/* End PBXTargetDependency section */

/* Begin PBXVariantGroup section */
		BFA75E5429C1722A00FD8296 /* LaunchScreen.storyboard */ = {
			isa = PBXVariantGroup;
			children = (
				BFA75E5529C1722A00FD8296 /* Base */,
			);
			name = LaunchScreen.storyboard;
			sourceTree = "<group>";
		};
/* End PBXVariantGroup section */

/* Begin XCBuildConfiguration section */
		BF0E5EA929C2EE57004E352D /* Debug */ = {
			isa = XCBuildConfiguration;
			buildSettings = {
				BUNDLE_LOADER = "$(TEST_HOST)";
				CODE_SIGN_STYLE = Automatic;
				CURRENT_PROJECT_VERSION = 1;
				DEVELOPMENT_TEAM = KFU3GAL455;
				GENERATE_INFOPLIST_FILE = YES;
				MARKETING_VERSION = 1.0;
				PRODUCT_BUNDLE_IDENTIFIER = "com.tanakamazi.TDM-20230314-NYCSchoolsTests";
				PRODUCT_NAME = "$(TARGET_NAME)";
				SWIFT_EMIT_LOC_STRINGS = NO;
				SWIFT_VERSION = 5.0;
				TARGETED_DEVICE_FAMILY = "1,2";
				TEST_HOST = "$(BUILT_PRODUCTS_DIR)/TDM-20230314-NYCSchools.app/$(BUNDLE_EXECUTABLE_FOLDER_PATH)/TDM-20230314-NYCSchools";
			};
			name = Debug;
		};
		BF0E5EAA29C2EE57004E352D /* Release */ = {
			isa = XCBuildConfiguration;
			buildSettings = {
				BUNDLE_LOADER = "$(TEST_HOST)";
				CODE_SIGN_STYLE = Automatic;
				CURRENT_PROJECT_VERSION = 1;
				DEVELOPMENT_TEAM = KFU3GAL455;
				GENERATE_INFOPLIST_FILE = YES;
				MARKETING_VERSION = 1.0;
				PRODUCT_BUNDLE_IDENTIFIER = "com.tanakamazi.TDM-20230314-NYCSchoolsTests";
				PRODUCT_NAME = "$(TARGET_NAME)";
				SWIFT_EMIT_LOC_STRINGS = NO;
				SWIFT_VERSION = 5.0;
				TARGETED_DEVICE_FAMILY = "1,2";
				TEST_HOST = "$(BUILT_PRODUCTS_DIR)/TDM-20230314-NYCSchools.app/$(BUNDLE_EXECUTABLE_FOLDER_PATH)/TDM-20230314-NYCSchools";
			};
			name = Release;
		};
		BFA75E5829C1722A00FD8296 /* Debug */ = {
			isa = XCBuildConfiguration;
			buildSettings = {
				ALWAYS_SEARCH_USER_PATHS = NO;
				CLANG_ANALYZER_NONNULL = YES;
				CLANG_ANALYZER_NUMBER_OBJECT_CONVERSION = YES_AGGRESSIVE;
				CLANG_CXX_LANGUAGE_STANDARD = "gnu++20";
				CLANG_ENABLE_MODULES = YES;
				CLANG_ENABLE_OBJC_ARC = YES;
				CLANG_ENABLE_OBJC_WEAK = YES;
				CLANG_WARN_BLOCK_CAPTURE_AUTORELEASING = YES;
				CLANG_WARN_BOOL_CONVERSION = YES;
				CLANG_WARN_COMMA = YES;
				CLANG_WARN_CONSTANT_CONVERSION = YES;
				CLANG_WARN_DEPRECATED_OBJC_IMPLEMENTATIONS = YES;
				CLANG_WARN_DIRECT_OBJC_ISA_USAGE = YES_ERROR;
				CLANG_WARN_DOCUMENTATION_COMMENTS = YES;
				CLANG_WARN_EMPTY_BODY = YES;
				CLANG_WARN_ENUM_CONVERSION = YES;
				CLANG_WARN_INFINITE_RECURSION = YES;
				CLANG_WARN_INT_CONVERSION = YES;
				CLANG_WARN_NON_LITERAL_NULL_CONVERSION = YES;
				CLANG_WARN_OBJC_IMPLICIT_RETAIN_SELF = YES;
				CLANG_WARN_OBJC_LITERAL_CONVERSION = YES;
				CLANG_WARN_OBJC_ROOT_CLASS = YES_ERROR;
				CLANG_WARN_QUOTED_INCLUDE_IN_FRAMEWORK_HEADER = YES;
				CLANG_WARN_RANGE_LOOP_ANALYSIS = YES;
				CLANG_WARN_STRICT_PROTOTYPES = YES;
				CLANG_WARN_SUSPICIOUS_MOVE = YES;
				CLANG_WARN_UNGUARDED_AVAILABILITY = YES_AGGRESSIVE;
				CLANG_WARN_UNREACHABLE_CODE = YES;
				CLANG_WARN__DUPLICATE_METHOD_MATCH = YES;
				COPY_PHASE_STRIP = NO;
				DEBUG_INFORMATION_FORMAT = dwarf;
				ENABLE_STRICT_OBJC_MSGSEND = YES;
				ENABLE_TESTABILITY = YES;
				GCC_C_LANGUAGE_STANDARD = gnu11;
				GCC_DYNAMIC_NO_PIC = NO;
				GCC_NO_COMMON_BLOCKS = YES;
				GCC_OPTIMIZATION_LEVEL = 0;
				GCC_PREPROCESSOR_DEFINITIONS = (
					"DEBUG=1",
					"$(inherited)",
				);
				GCC_WARN_64_TO_32_BIT_CONVERSION = YES;
				GCC_WARN_ABOUT_RETURN_TYPE = YES_ERROR;
				GCC_WARN_UNDECLARED_SELECTOR = YES;
				GCC_WARN_UNINITIALIZED_AUTOS = YES_AGGRESSIVE;
				GCC_WARN_UNUSED_FUNCTION = YES;
				GCC_WARN_UNUSED_VARIABLE = YES;
				IPHONEOS_DEPLOYMENT_TARGET = 16.2;
				MTL_ENABLE_DEBUG_INFO = INCLUDE_SOURCE;
				MTL_FAST_MATH = YES;
				ONLY_ACTIVE_ARCH = YES;
				SDKROOT = iphoneos;
				SWIFT_ACTIVE_COMPILATION_CONDITIONS = DEBUG;
				SWIFT_OPTIMIZATION_LEVEL = "-Onone";
			};
			name = Debug;
		};
		BFA75E5929C1722A00FD8296 /* Release */ = {
			isa = XCBuildConfiguration;
			buildSettings = {
				ALWAYS_SEARCH_USER_PATHS = NO;
				CLANG_ANALYZER_NONNULL = YES;
				CLANG_ANALYZER_NUMBER_OBJECT_CONVERSION = YES_AGGRESSIVE;
				CLANG_CXX_LANGUAGE_STANDARD = "gnu++20";
				CLANG_ENABLE_MODULES = YES;
				CLANG_ENABLE_OBJC_ARC = YES;
				CLANG_ENABLE_OBJC_WEAK = YES;
				CLANG_WARN_BLOCK_CAPTURE_AUTORELEASING = YES;
				CLANG_WARN_BOOL_CONVERSION = YES;
				CLANG_WARN_COMMA = YES;
				CLANG_WARN_CONSTANT_CONVERSION = YES;
				CLANG_WARN_DEPRECATED_OBJC_IMPLEMENTATIONS = YES;
				CLANG_WARN_DIRECT_OBJC_ISA_USAGE = YES_ERROR;
				CLANG_WARN_DOCUMENTATION_COMMENTS = YES;
				CLANG_WARN_EMPTY_BODY = YES;
				CLANG_WARN_ENUM_CONVERSION = YES;
				CLANG_WARN_INFINITE_RECURSION = YES;
				CLANG_WARN_INT_CONVERSION = YES;
				CLANG_WARN_NON_LITERAL_NULL_CONVERSION = YES;
				CLANG_WARN_OBJC_IMPLICIT_RETAIN_SELF = YES;
				CLANG_WARN_OBJC_LITERAL_CONVERSION = YES;
				CLANG_WARN_OBJC_ROOT_CLASS = YES_ERROR;
				CLANG_WARN_QUOTED_INCLUDE_IN_FRAMEWORK_HEADER = YES;
				CLANG_WARN_RANGE_LOOP_ANALYSIS = YES;
				CLANG_WARN_STRICT_PROTOTYPES = YES;
				CLANG_WARN_SUSPICIOUS_MOVE = YES;
				CLANG_WARN_UNGUARDED_AVAILABILITY = YES_AGGRESSIVE;
				CLANG_WARN_UNREACHABLE_CODE = YES;
				CLANG_WARN__DUPLICATE_METHOD_MATCH = YES;
				COPY_PHASE_STRIP = NO;
				DEBUG_INFORMATION_FORMAT = "dwarf-with-dsym";
				ENABLE_NS_ASSERTIONS = NO;
				ENABLE_STRICT_OBJC_MSGSEND = YES;
				GCC_C_LANGUAGE_STANDARD = gnu11;
				GCC_NO_COMMON_BLOCKS = YES;
				GCC_WARN_64_TO_32_BIT_CONVERSION = YES;
				GCC_WARN_ABOUT_RETURN_TYPE = YES_ERROR;
				GCC_WARN_UNDECLARED_SELECTOR = YES;
				GCC_WARN_UNINITIALIZED_AUTOS = YES_AGGRESSIVE;
				GCC_WARN_UNUSED_FUNCTION = YES;
				GCC_WARN_UNUSED_VARIABLE = YES;
				IPHONEOS_DEPLOYMENT_TARGET = 16.2;
				MTL_ENABLE_DEBUG_INFO = NO;
				MTL_FAST_MATH = YES;
				SDKROOT = iphoneos;
				SWIFT_COMPILATION_MODE = wholemodule;
				SWIFT_OPTIMIZATION_LEVEL = "-O";
				VALIDATE_PRODUCT = YES;
			};
			name = Release;
		};
		BFA75E5B29C1722A00FD8296 /* Debug */ = {
			isa = XCBuildConfiguration;
			buildSettings = {
				ASSETCATALOG_COMPILER_APPICON_NAME = AppIcon;
				ASSETCATALOG_COMPILER_GLOBAL_ACCENT_COLOR_NAME = AccentColor;
				CODE_SIGN_STYLE = Automatic;
				CURRENT_PROJECT_VERSION = 1;
				DEVELOPMENT_TEAM = KFU3GAL455;
				GENERATE_INFOPLIST_FILE = YES;
				INFOPLIST_FILE = "TDM-20230314-NYCSchools/Info.plist";
				INFOPLIST_KEY_UIApplicationSupportsIndirectInputEvents = YES;
				INFOPLIST_KEY_UILaunchStoryboardName = LaunchScreen;
				INFOPLIST_KEY_UISupportedInterfaceOrientations_iPad = "UIInterfaceOrientationPortrait UIInterfaceOrientationPortraitUpsideDown UIInterfaceOrientationLandscapeLeft UIInterfaceOrientationLandscapeRight";
				INFOPLIST_KEY_UISupportedInterfaceOrientations_iPhone = "UIInterfaceOrientationPortrait UIInterfaceOrientationLandscapeLeft UIInterfaceOrientationLandscapeRight";
				LD_RUNPATH_SEARCH_PATHS = (
					"$(inherited)",
					"@executable_path/Frameworks",
				);
				MARKETING_VERSION = 1.0;
				PRODUCT_BUNDLE_IDENTIFIER = "com.tanakamazi.-0230314-TDM-NYCSchools";
				PRODUCT_NAME = "$(TARGET_NAME)";
				SWIFT_EMIT_LOC_STRINGS = YES;
				SWIFT_VERSION = 5.0;
				TARGETED_DEVICE_FAMILY = "1,2";
			};
			name = Debug;
		};
		BFA75E5C29C1722A00FD8296 /* Release */ = {
			isa = XCBuildConfiguration;
			buildSettings = {
				ASSETCATALOG_COMPILER_APPICON_NAME = AppIcon;
				ASSETCATALOG_COMPILER_GLOBAL_ACCENT_COLOR_NAME = AccentColor;
				CODE_SIGN_STYLE = Automatic;
				CURRENT_PROJECT_VERSION = 1;
				DEVELOPMENT_TEAM = KFU3GAL455;
				GENERATE_INFOPLIST_FILE = YES;
				INFOPLIST_FILE = "TDM-20230314-NYCSchools/Info.plist";
				INFOPLIST_KEY_UIApplicationSupportsIndirectInputEvents = YES;
				INFOPLIST_KEY_UILaunchStoryboardName = LaunchScreen;
				INFOPLIST_KEY_UISupportedInterfaceOrientations_iPad = "UIInterfaceOrientationPortrait UIInterfaceOrientationPortraitUpsideDown UIInterfaceOrientationLandscapeLeft UIInterfaceOrientationLandscapeRight";
				INFOPLIST_KEY_UISupportedInterfaceOrientations_iPhone = "UIInterfaceOrientationPortrait UIInterfaceOrientationLandscapeLeft UIInterfaceOrientationLandscapeRight";
				LD_RUNPATH_SEARCH_PATHS = (
					"$(inherited)",
					"@executable_path/Frameworks",
				);
				MARKETING_VERSION = 1.0;
				PRODUCT_BUNDLE_IDENTIFIER = "com.tanakamazi.-0230314-TDM-NYCSchools";
				PRODUCT_NAME = "$(TARGET_NAME)";
				SWIFT_EMIT_LOC_STRINGS = YES;
				SWIFT_VERSION = 5.0;
				TARGETED_DEVICE_FAMILY = "1,2";
			};
			name = Release;
		};
/* End XCBuildConfiguration section */

/* Begin XCConfigurationList section */
		BF0E5EA829C2EE57004E352D /* Build configuration list for PBXNativeTarget "TDM-20230314-NYCSchoolsTests" */ = {
			isa = XCConfigurationList;
			buildConfigurations = (
				BF0E5EA929C2EE57004E352D /* Debug */,
				BF0E5EAA29C2EE57004E352D /* Release */,
			);
			defaultConfigurationIsVisible = 0;
			defaultConfigurationName = Release;
		};
		BFA75E4129C1722600FD8296 /* Build configuration list for PBXProject "TDM-20230314-NYCSchools" */ = {
			isa = XCConfigurationList;
			buildConfigurations = (
				BFA75E5829C1722A00FD8296 /* Debug */,
				BFA75E5929C1722A00FD8296 /* Release */,
			);
			defaultConfigurationIsVisible = 0;
			defaultConfigurationName = Release;
		};
		BFA75E5A29C1722A00FD8296 /* Build configuration list for PBXNativeTarget "TDM-20230314-NYCSchools" */ = {
			isa = XCConfigurationList;
			buildConfigurations = (
				BFA75E5B29C1722A00FD8296 /* Debug */,
				BFA75E5C29C1722A00FD8296 /* Release */,
			);
			defaultConfigurationIsVisible = 0;
			defaultConfigurationName = Release;
		};
/* End XCConfigurationList section */
	};
	rootObject = BFA75E3E29C1722600FD8296 /* Project object */;
}
